
Microsoft Visual Studio Solution File, Format Version 12.00
Project("{FAE04EC0-301F-11D3-BF4B-00C04F79EFBC}") = "LocMp.Identity.Api", "src\LocMp.Identity.Api\LocMp.Identity.Api.csproj", "{B57D39D5-871D-4455-A2B5-7DBBF0C0AC6F}"
EndProject
Project("{2150E333-8FDC-42A3-9474-1A3956D46DE8}") = "src", "src", "{9C655593-123F-4437-B819-FE7B0BC867F7}"
EndProject
Project("{FAE04EC0-301F-11D3-BF4B-00C04F79EFBC}") = "LocMp.Identity.Domain", "src\LocMp.Identity.Domain\LocMp.Identity.Domain.csproj", "{9FE6D1ED-80C9-49BA-A59F-A264C74BDD7C}"
EndProject
Project("{FAE04EC0-301F-11D3-BF4B-00C04F79EFBC}") = "LocMp.Identity.Infrastructure", "src\LocMp.Identity.Infrastructure\LocMp.Identity.Infrastructure.csproj", "{42625848-9901-4436-92B7-DAF65FF5731A}"
EndProject
Project("{FAE04EC0-301F-11D3-BF4B-00C04F79EFBC}") = "LocMp.Identity.Application", "src\LocMp.Identity.Application\LocMp.Identity.Application.csproj", "{E3CDD735-6FB6-4262-BCA0-FC3937C26388}"
EndProject
Project("{FAE04EC0-301F-11D3-BF4B-00C04F79EFBC}") = "LocMp.BuildingBlocks.Domain", "..\BuildingBlocks\src\LocMp.BuildingBlocks.Domain\LocMp.BuildingBlocks.Domain.csproj", "{16E55E1E-6B02-481E-A920-751AB670C172}"
EndProject
Project("{FAE04EC0-301F-11D3-BF4B-00C04F79EFBC}") = "LocMp.BuildingBlocks.Application", "..\BuildingBlocks\src\LocMp.BuildingBlocks.Application\LocMp.BuildingBlocks.Application.csproj", "{E513D705-741D-40CE-B5A8-ED2649137711}"
EndProject
Project("{FAE04EC0-301F-11D3-BF4B-00C04F79EFBC}") = "LocMp.BuildingBlocks.Infrastructure", "..\BuildingBlocks\src\LocMp.BuildingBlocks.Infrastructure\LocMp.BuildingBlocks.Infrastructure.csproj", "{271DD28C-30CB-4C85-80F5-82D6C573B834}"
EndProject
Project("{FAE04EC0-301F-11D3-BF4B-00C04F79EFBC}") = "LocMp.Contracts", "..\Contracts\LocMp.Contracts\LocMp.Contracts.csproj", "{D59C6EB3-F80A-4E95-B3A4-D0BDE7079C33}"
EndProject
Project("{2150E333-8FDC-42A3-9474-1A3956D46DE8}") = "tests", "tests", "{0AB3BF05-4346-4AA6-1389-037BE0695223}"
EndProject
Project("{FAE04EC0-301F-11D3-BF4B-00C04F79EFBC}") = "LocMp.Identity.Application.Tests", "tests\LocMp.Identity.Application.Tests\LocMp.Identity.Application.Tests.csproj", "{3B80B74F-A3F4-4F6C-90B9-4772678BFE48}"
EndProject
Global
	GlobalSection(SolutionConfigurationPlatforms) = preSolution
		Debug|Any CPU = Debug|Any CPU
		Debug|x64 = Debug|x64
		Debug|x86 = Debug|x86
		Release|Any CPU = Release|Any CPU
		Release|x64 = Release|x64
		Release|x86 = Release|x86
	EndGlobalSection
	GlobalSection(ProjectConfigurationPlatforms) = postSolution
		{B57D39D5-871D-4455-A2B5-7DBBF0C0AC6F}.Debug|Any CPU.ActiveCfg = Debug|Any CPU
		{B57D39D5-871D-4455-A2B5-7DBBF0C0AC6F}.Debug|Any CPU.Build.0 = Debug|Any CPU
		{B57D39D5-871D-4455-A2B5-7DBBF0C0AC6F}.Debug|x64.ActiveCfg = Debug|Any CPU
		{B57D39D5-871D-4455-A2B5-7DBBF0C0AC6F}.Debug|x64.Build.0 = Debug|Any CPU
		{B57D39D5-871D-4455-A2B5-7DBBF0C0AC6F}.Debug|x86.ActiveCfg = Debug|Any CPU
		{B57D39D5-871D-4455-A2B5-7DBBF0C0AC6F}.Debug|x86.Build.0 = Debug|Any CPU
		{B57D39D5-871D-4455-A2B5-7DBBF0C0AC6F}.Release|Any CPU.ActiveCfg = Release|Any CPU
		{B57D39D5-871D-4455-A2B5-7DBBF0C0AC6F}.Release|Any CPU.Build.0 = Release|Any CPU
		{B57D39D5-871D-4455-A2B5-7DBBF0C0AC6F}.Release|x64.ActiveCfg = Release|Any CPU
		{B57D39D5-871D-4455-A2B5-7DBBF0C0AC6F}.Release|x64.Build.0 = Release|Any CPU
		{B57D39D5-871D-4455-A2B5-7DBBF0C0AC6F}.Release|x86.ActiveCfg = Release|Any CPU
		{B57D39D5-871D-4455-A2B5-7DBBF0C0AC6F}.Release|x86.Build.0 = Release|Any CPU
		{9FE6D1ED-80C9-49BA-A59F-A264C74BDD7C}.Debug|Any CPU.ActiveCfg = Debug|Any CPU
		{9FE6D1ED-80C9-49BA-A59F-A264C74BDD7C}.Debug|Any CPU.Build.0 = Debug|Any CPU
		{9FE6D1ED-80C9-49BA-A59F-A264C74BDD7C}.Debug|x64.ActiveCfg = Debug|Any CPU
		{9FE6D1ED-80C9-49BA-A59F-A264C74BDD7C}.Debug|x64.Build.0 = Debug|Any CPU
		{9FE6D1ED-80C9-49BA-A59F-A264C74BDD7C}.Debug|x86.ActiveCfg = Debug|Any CPU
		{9FE6D1ED-80C9-49BA-A59F-A264C74BDD7C}.Debug|x86.Build.0 = Debug|Any CPU
		{9FE6D1ED-80C9-49BA-A59F-A264C74BDD7C}.Release|Any CPU.ActiveCfg = Release|Any CPU
		{9FE6D1ED-80C9-49BA-A59F-A264C74BDD7C}.Release|Any CPU.Build.0 = Release|Any CPU
		{9FE6D1ED-80C9-49BA-A59F-A264C74BDD7C}.Release|x64.ActiveCfg = Release|Any CPU
		{9FE6D1ED-80C9-49BA-A59F-A264C74BDD7C}.Release|x64.Build.0 = Release|Any CPU
		{9FE6D1ED-80C9-49BA-A59F-A264C74BDD7C}.Release|x86.ActiveCfg = Release|Any CPU
		{9FE6D1ED-80C9-49BA-A59F-A264C74BDD7C}.Release|x86.Build.0 = Release|Any CPU
		{42625848-9901-4436-92B7-DAF65FF5731A}.Debug|Any CPU.ActiveCfg = Debug|Any CPU
		{42625848-9901-4436-92B7-DAF65FF5731A}.Debug|Any CPU.Build.0 = Debug|Any CPU
		{42625848-9901-4436-92B7-DAF65FF5731A}.Debug|x64.ActiveCfg = Debug|Any CPU
		{42625848-9901-4436-92B7-DAF65FF5731A}.Debug|x64.Build.0 = Debug|Any CPU
		{42625848-9901-4436-92B7-DAF65FF5731A}.Debug|x86.ActiveCfg = Debug|Any CPU
		{42625848-9901-4436-92B7-DAF65FF5731A}.Debug|x86.Build.0 = Debug|Any CPU
		{42625848-9901-4436-92B7-DAF65FF5731A}.Release|Any CPU.ActiveCfg = Release|Any CPU
		{42625848-9901-4436-92B7-DAF65FF5731A}.Release|Any CPU.Build.0 = Release|Any CPU
		{42625848-9901-4436-92B7-DAF65FF5731A}.Release|x64.ActiveCfg = Release|Any CPU
		{42625848-9901-4436-92B7-DAF65FF5731A}.Release|x64.Build.0 = Release|Any CPU
		{42625848-9901-4436-92B7-DAF65FF5731A}.Release|x86.ActiveCfg = Release|Any CPU
		{42625848-9901-4436-92B7-DAF65FF5731A}.Release|x86.Build.0 = Release|Any CPU
		{E3CDD735-6FB6-4262-BCA0-FC3937C26388}.Debug|Any CPU.ActiveCfg = Debug|Any CPU
		{E3CDD735-6FB6-4262-BCA0-FC3937C26388}.Debug|Any CPU.Build.0 = Debug|Any CPU
		{E3CDD735-6FB6-4262-BCA0-FC3937C26388}.Debug|x64.ActiveCfg = Debug|Any CPU
		{E3CDD735-6FB6-4262-BCA0-FC3937C26388}.Debug|x64.Build.0 = Debug|Any CPU
		{E3CDD735-6FB6-4262-BCA0-FC3937C26388}.Debug|x86.ActiveCfg = Debug|Any CPU
		{E3CDD735-6FB6-4262-BCA0-FC3937C26388}.Debug|x86.Build.0 = Debug|Any CPU
		{E3CDD735-6FB6-4262-BCA0-FC3937C26388}.Release|Any CPU.ActiveCfg = Release|Any CPU
		{E3CDD735-6FB6-4262-BCA0-FC3937C26388}.Release|Any CPU.Build.0 = Release|Any CPU
		{E3CDD735-6FB6-4262-BCA0-FC3937C26388}.Release|x64.ActiveCfg = Release|Any CPU
		{E3CDD735-6FB6-4262-BCA0-FC3937C26388}.Release|x64.Build.0 = Release|Any CPU
		{E3CDD735-6FB6-4262-BCA0-FC3937C26388}.Release|x86.ActiveCfg = Release|Any CPU
		{E3CDD735-6FB6-4262-BCA0-FC3937C26388}.Release|x86.Build.0 = Release|Any CPU
		{16E55E1E-6B02-481E-A920-751AB670C172}.Debug|Any CPU.ActiveCfg = Debug|Any CPU
		{16E55E1E-6B02-481E-A920-751AB670C172}.Debug|Any CPU.Build.0 = Debug|Any CPU
		{16E55E1E-6B02-481E-A920-751AB670C172}.Debug|x64.ActiveCfg = Debug|Any CPU
		{16E55E1E-6B02-481E-A920-751AB670C172}.Debug|x64.Build.0 = Debug|Any CPU
		{16E55E1E-6B02-481E-A920-751AB670C172}.Debug|x86.ActiveCfg = Debug|Any CPU
		{16E55E1E-6B02-481E-A920-751AB670C172}.Debug|x86.Build.0 = Debug|Any CPU
		{16E55E1E-6B02-481E-A920-751AB670C172}.Release|Any CPU.ActiveCfg = Release|Any CPU
		{16E55E1E-6B02-481E-A920-751AB670C172}.Release|Any CPU.Build.0 = Release|Any CPU
		{16E55E1E-6B02-481E-A920-751AB670C172}.Release|x64.ActiveCfg = Release|Any CPU
		{16E55E1E-6B02-481E-A920-751AB670C172}.Release|x64.Build.0 = Release|Any CPU
		{16E55E1E-6B02-481E-A920-751AB670C172}.Release|x86.ActiveCfg = Release|Any CPU
		{16E55E1E-6B02-481E-A920-751AB670C172}.Release|x86.Build.0 = Release|Any CPU
		{E513D705-741D-40CE-B5A8-ED2649137711}.Debug|Any CPU.ActiveCfg = Debug|Any CPU
		{E513D705-741D-40CE-B5A8-ED2649137711}.Debug|Any CPU.Build.0 = Debug|Any CPU
		{E513D705-741D-40CE-B5A8-ED2649137711}.Debug|x64.ActiveCfg = Debug|Any CPU
		{E513D705-741D-40CE-B5A8-ED2649137711}.Debug|x64.Build.0 = Debug|Any CPU
		{E513D705-741D-40CE-B5A8-ED2649137711}.Debug|x86.ActiveCfg = Debug|Any CPU
		{E513D705-741D-40CE-B5A8-ED2649137711}.Debug|x86.Build.0 = Debug|Any CPU
		{E513D705-741D-40CE-B5A8-ED2649137711}.Release|Any CPU.ActiveCfg = Release|Any CPU
		{E513D705-741D-40CE-B5A8-ED2649137711}.Release|Any CPU.Build.0 = Release|Any CPU
		{E513D705-741D-40CE-B5A8-ED2649137711}.Release|x64.ActiveCfg = Release|Any CPU
		{E513D705-741D-40CE-B5A8-ED2649137711}.Release|x64.Build.0 = Release|Any CPU
		{E513D705-741D-40CE-B5A8-ED2649137711}.Release|x86.ActiveCfg = Release|Any CPU
		{E513D705-741D-40CE-B5A8-ED2649137711}.Release|x86.Build.0 = Release|Any CPU
		{271DD28C-30CB-4C85-80F5-82D6C573B834}.Debug|Any CPU.ActiveCfg = Debug|Any CPU
		{271DD28C-30CB-4C85-80F5-82D6C573B834}.Debug|Any CPU.Build.0 = Debug|Any CPU
		{271DD28C-30CB-4C85-80F5-82D6C573B834}.Debug|x64.ActiveCfg = Debug|Any CPU
		{271DD28C-30CB-4C85-80F5-82D6C573B834}.Debug|x64.Build.0 = Debug|Any CPU
		{271DD28C-30CB-4C85-80F5-82D6C573B834}.Debug|x86.ActiveCfg = Debug|Any CPU
		{271DD28C-30CB-4C85-80F5-82D6C573B834}.Debug|x86.Build.0 = Debug|Any CPU
		{271DD28C-30CB-4C85-80F5-82D6C573B834}.Release|Any CPU.ActiveCfg = Release|Any CPU
		{271DD28C-30CB-4C85-80F5-82D6C573B834}.Release|Any CPU.Build.0 = Release|Any CPU
		{271DD28C-30CB-4C85-80F5-82D6C573B834}.Release|x64.ActiveCfg = Release|Any CPU
		{271DD28C-30CB-4C85-80F5-82D6C573B834}.Release|x64.Build.0 = Release|Any CPU
		{271DD28C-30CB-4C85-80F5-82D6C573B834}.Release|x86.ActiveCfg = Release|Any CPU
		{271DD28C-30CB-4C85-80F5-82D6C573B834}.Release|x86.Build.0 = Release|Any CPU
		{D59C6EB3-F80A-4E95-B3A4-D0BDE7079C33}.Debug|Any CPU.ActiveCfg = Debug|Any CPU
		{D59C6EB3-F80A-4E95-B3A4-D0BDE7079C33}.Debug|Any CPU.Build.0 = Debug|Any CPU
		{D59C6EB3-F80A-4E95-B3A4-D0BDE7079C33}.Debug|x64.ActiveCfg = Debug|Any CPU
		{D59C6EB3-F80A-4E95-B3A4-D0BDE7079C33}.Debug|x64.Build.0 = Debug|Any CPU
		{D59C6EB3-F80A-4E95-B3A4-D0BDE7079C33}.Debug|x86.ActiveCfg = Debug|Any CPU
		{D59C6EB3-F80A-4E95-B3A4-D0BDE7079C33}.Debug|x86.Build.0 = Debug|Any CPU
		{D59C6EB3-F80A-4E95-B3A4-D0BDE7079C33}.Release|Any CPU.ActiveCfg = Release|Any CPU
		{D59C6EB3-F80A-4E95-B3A4-D0BDE7079C33}.Release|Any CPU.Build.0 = Release|Any CPU
		{D59C6EB3-F80A-4E95-B3A4-D0BDE7079C33}.Release|x64.ActiveCfg = Release|Any CPU
		{D59C6EB3-F80A-4E95-B3A4-D0BDE7079C33}.Release|x64.Build.0 = Release|Any CPU
		{D59C6EB3-F80A-4E95-B3A4-D0BDE7079C33}.Release|x86.ActiveCfg = Release|Any CPU
		{D59C6EB3-F80A-4E95-B3A4-D0BDE7079C33}.Release|x86.Build.0 = Release|Any CPU
		{3B80B74F-A3F4-4F6C-90B9-4772678BFE48}.Debug|Any CPU.ActiveCfg = Debug|Any CPU
		{3B80B74F-A3F4-4F6C-90B9-4772678BFE48}.Debug|Any CPU.Build.0 = Debug|Any CPU
		{3B80B74F-A3F4-4F6C-90B9-4772678BFE48}.Debug|x64.ActiveCfg = Debug|Any CPU
		{3B80B74F-A3F4-4F6C-90B9-4772678BFE48}.Debug|x64.Build.0 = Debug|Any CPU
		{3B80B74F-A3F4-4F6C-90B9-4772678BFE48}.Debug|x86.ActiveCfg = Debug|Any CPU
		{3B80B74F-A3F4-4F6C-90B9-4772678BFE48}.Debug|x86.Build.0 = Debug|Any CPU
		{3B80B74F-A3F4-4F6C-90B9-4772678BFE48}.Release|Any CPU.ActiveCfg = Release|Any CPU
		{3B80B74F-A3F4-4F6C-90B9-4772678BFE48}.Release|Any CPU.Build.0 = Release|Any CPU
		{3B80B74F-A3F4-4F6C-90B9-4772678BFE48}.Release|x64.ActiveCfg = Release|Any CPU
		{3B80B74F-A3F4-4F6C-90B9-4772678BFE48}.Release|x64.Build.0 = Release|Any CPU
		{3B80B74F-A3F4-4F6C-90B9-4772678BFE48}.Release|x86.ActiveCfg = Release|Any CPU
		{3B80B74F-A3F4-4F6C-90B9-4772678BFE48}.Release|x86.Build.0 = Release|Any CPU
	EndGlobalSection
	GlobalSection(SolutionProperties) = preSolution
		HideSolutionNode = FALSE
	EndGlobalSection
	GlobalSection(NestedProjects) = preSolution
		{B57D39D5-871D-4455-A2B5-7DBBF0C0AC6F} = {9C655593-123F-4437-B819-FE7B0BC867F7}
		{9FE6D1ED-80C9-49BA-A59F-A264C74BDD7C} = {9C655593-123F-4437-B819-FE7B0BC867F7}
		{42625848-9901-4436-92B7-DAF65FF5731A} = {9C655593-123F-4437-B819-FE7B0BC867F7}
		{E3CDD735-6FB6-4262-BCA0-FC3937C26388} = {9C655593-123F-4437-B819-FE7B0BC867F7}
		{3B80B74F-A3F4-4F6C-90B9-4772678BFE48} = {0AB3BF05-4346-4AA6-1389-037BE0695223}
	EndGlobalSection
EndGlobal
