
Microsoft Visual Studio Solution File, Format Version 12.00
Project("{FAE04EC0-301F-11D3-BF4B-00C04F79EFBC}") = "LocMp.Notification.Api", "src\LocMp.Notification.Api\LocMp.Notification.Api.csproj", "{053C8F7F-89F5-437F-957F-057E257D6EB9}"
EndProject
Project("{2150E333-8FDC-42A3-9474-1A3956D46DE8}") = "src", "src", "{CE51152F-C4DD-4955-B97C-D76A64F36912}"
EndProject
Project("{FAE04EC0-301F-11D3-BF4B-00C04F79EFBC}") = "LocMp.Notification.Application", "src\LocMp.Notification.Application\LocMp.Notification.Application.csproj", "{1017EFDA-7A2D-41EF-8909-1E4A6609411C}"
EndProject
Project("{FAE04EC0-301F-11D3-BF4B-00C04F79EFBC}") = "LocMp.Notification.Domain", "src\LocMp.Notification.Domain\LocMp.Notification.Domain.csproj", "{B7CDD89D-16F7-48DA-9A67-6F75E4848F1D}"
EndProject
Project("{FAE04EC0-301F-11D3-BF4B-00C04F79EFBC}") = "LocMp.Notification.Infrastructure", "src\LocMp.Notification.Infrastructure\LocMp.Notification.Infrastructure.csproj", "{52987008-03B4-48F8-B92C-AE8A93B260DE}"
EndProject
Project("{FAE04EC0-301F-11D3-BF4B-00C04F79EFBC}") = "LocMp.BuildingBlocks.Domain", "..\BuildingBlocks\src\LocMp.BuildingBlocks.Domain\LocMp.BuildingBlocks.Domain.csproj", "{76554251-9D68-40A9-B726-F13ECD54A56E}"
EndProject
Project("{FAE04EC0-301F-11D3-BF4B-00C04F79EFBC}") = "LocMp.BuildingBlocks.Application", "..\BuildingBlocks\src\LocMp.BuildingBlocks.Application\LocMp.BuildingBlocks.Application.csproj", "{E04C500F-E334-4846-9C2F-5DEA39E59C74}"
EndProject
Project("{FAE04EC0-301F-11D3-BF4B-00C04F79EFBC}") = "LocMp.BuildingBlocks.Infrastructure", "..\BuildingBlocks\src\LocMp.BuildingBlocks.Infrastructure\LocMp.BuildingBlocks.Infrastructure.csproj", "{4570CAF2-8670-42CE-AA05-3D753DABC099}"
EndProject
Project("{FAE04EC0-301F-11D3-BF4B-00C04F79EFBC}") = "LocMp.Contracts", "..\Contracts\LocMp.Contracts\LocMp.Contracts.csproj", "{AAA043F5-E1BB-4094-9C91-DFB072E32620}"
EndProject
Global  
	GlobalSection(SolutionConfigurationPlatforms) = preSolution
		Debug|Any CPU = Debug|Any CPU
		Release|Any CPU = Release|Any CPU
	EndGlobalSection
	GlobalSection(ProjectConfigurationPlatforms) = postSolution
		{053C8F7F-89F5-437F-957F-057E257D6EB9}.Debug|Any CPU.ActiveCfg = Debug|Any CPU
		{053C8F7F-89F5-437F-957F-057E257D6EB9}.Debug|Any CPU.Build.0 = Debug|Any CPU
		{053C8F7F-89F5-437F-957F-057E257D6EB9}.Release|Any CPU.ActiveCfg = Release|Any CPU
		{053C8F7F-89F5-437F-957F-057E257D6EB9}.Release|Any CPU.Build.0 = Release|Any CPU
		{1017EFDA-7A2D-41EF-8909-1E4A6609411C}.Debug|Any CPU.ActiveCfg = Debug|Any CPU
		{1017EFDA-7A2D-41EF-8909-1E4A6609411C}.Debug|Any CPU.Build.0 = Debug|Any CPU
		{1017EFDA-7A2D-41EF-8909-1E4A6609411C}.Release|Any CPU.ActiveCfg = Release|Any CPU
		{1017EFDA-7A2D-41EF-8909-1E4A6609411C}.Release|Any CPU.Build.0 = Release|Any CPU
		{B7CDD89D-16F7-48DA-9A67-6F75E4848F1D}.Debug|Any CPU.ActiveCfg = Debug|Any CPU
		{B7CDD89D-16F7-48DA-9A67-6F75E4848F1D}.Debug|Any CPU.Build.0 = Debug|Any CPU
		{B7CDD89D-16F7-48DA-9A67-6F75E4848F1D}.Release|Any CPU.ActiveCfg = Release|Any CPU
		{B7CDD89D-16F7-48DA-9A67-6F75E4848F1D}.Release|Any CPU.Build.0 = Release|Any CPU
		{52987008-03B4-48F8-B92C-AE8A93B260DE}.Debug|Any CPU.ActiveCfg = Debug|Any CPU
		{52987008-03B4-48F8-B92C-AE8A93B260DE}.Debug|Any CPU.Build.0 = Debug|Any CPU
		{52987008-03B4-48F8-B92C-AE8A93B260DE}.Release|Any CPU.ActiveCfg = Release|Any CPU
		{52987008-03B4-48F8-B92C-AE8A93B260DE}.Release|Any CPU.Build.0 = Release|Any CPU
		{76554251-9D68-40A9-B726-F13ECD54A56E}.Debug|Any CPU.ActiveCfg = Debug|Any CPU
		{76554251-9D68-40A9-B726-F13ECD54A56E}.Debug|Any CPU.Build.0 = Debug|Any CPU
		{76554251-9D68-40A9-B726-F13ECD54A56E}.Release|Any CPU.ActiveCfg = Release|Any CPU
		{76554251-9D68-40A9-B726-F13ECD54A56E}.Release|Any CPU.Build.0 = Release|Any CPU
		{E04C500F-E334-4846-9C2F-5DEA39E59C74}.Debug|Any CPU.ActiveCfg = Debug|Any CPU
		{E04C500F-E334-4846-9C2F-5DEA39E59C74}.Debug|Any CPU.Build.0 = Debug|Any CPU
		{E04C500F-E334-4846-9C2F-5DEA39E59C74}.Release|Any CPU.ActiveCfg = Release|Any CPU
		{E04C500F-E334-4846-9C2F-5DEA39E59C74}.Release|Any CPU.Build.0 = Release|Any CPU
		{4570CAF2-8670-42CE-AA05-3D753DABC099}.Debug|Any CPU.ActiveCfg = Debug|Any CPU
		{4570CAF2-8670-42CE-AA05-3D753DABC099}.Debug|Any CPU.Build.0 = Debug|Any CPU
		{4570CAF2-8670-42CE-AA05-3D753DABC099}.Release|Any CPU.ActiveCfg = Release|Any CPU
		{4570CAF2-8670-42CE-AA05-3D753DABC099}.Release|Any CPU.Build.0 = Release|Any CPU
		{AAA043F5-E1BB-4094-9C91-DFB072E32620}.Debug|Any CPU.ActiveCfg = Debug|Any CPU
		{AAA043F5-E1BB-4094-9C91-DFB072E32620}.Debug|Any CPU.Build.0 = Debug|Any CPU
		{AAA043F5-E1BB-4094-9C91-DFB072E32620}.Release|Any CPU.ActiveCfg = Release|Any CPU
		{AAA043F5-E1BB-4094-9C91-DFB072E32620}.Release|Any CPU.Build.0 = Release|Any CPU
	EndGlobalSection
	GlobalSection(NestedProjects) = preSolution
		{053C8F7F-89F5-437F-957F-057E257D6EB9} = {CE51152F-C4DD-4955-B97C-D76A64F36912}
		{1017EFDA-7A2D-41EF-8909-1E4A6609411C} = {CE51152F-C4DD-4955-B97C-D76A64F36912}
		{B7CDD89D-16F7-48DA-9A67-6F75E4848F1D} = {CE51152F-C4DD-4955-B97C-D76A64F36912}
		{52987008-03B4-48F8-B92C-AE8A93B260DE} = {CE51152F-C4DD-4955-B97C-D76A64F36912}
	EndGlobalSection
EndGlobal
