
Microsoft Visual Studio Solution File, Format Version 12.00
Project("{FAE04EC0-301F-11D3-BF4B-00C04F79EFBC}") = "LocMp.Analytics.Api", "src\LocMp.Analytics.Api\LocMp.Analytics.Api.csproj", "{F7802954-A077-47AB-8227-FA9384C05636}"
EndProject
Project("{2150E333-8FDC-42A3-9474-1A3956D46DE8}") = "src", "src", "{E604F5E0-4B79-4BDB-9F02-DDEFD5A530C0}"
EndProject
Project("{FAE04EC0-301F-11D3-BF4B-00C04F79EFBC}") = "LocMp.Analytics.Application", "src\LocMp.Analytics.Application\LocMp.Analytics.Application.csproj", "{0E212DA9-D5D9-4890-AE74-B74691858DA5}"
EndProject
Project("{FAE04EC0-301F-11D3-BF4B-00C04F79EFBC}") = "LocMp.Analytics.Domain", "src\LocMp.Analytics.Domain\LocMp.Analytics.Domain.csproj", "{136B1EBC-5EFD-4BF3-87E9-A17C5936C748}"
EndProject
Project("{FAE04EC0-301F-11D3-BF4B-00C04F79EFBC}") = "LocMp.BuildingBlocks.Domain", "..\BuildingBlocks\src\LocMp.BuildingBlocks.Domain\LocMp.BuildingBlocks.Domain.csproj", "{ADDD5FC7-952E-4C5D-8487-C21344A39C53}"
EndProject
Project("{FAE04EC0-301F-11D3-BF4B-00C04F79EFBC}") = "LocMp.BuildingBlocks.Application", "..\BuildingBlocks\src\LocMp.BuildingBlocks.Application\LocMp.BuildingBlocks.Application.csproj", "{A03E5338-292D-4288-A057-9CC58775FB06}"
EndProject
Project("{FAE04EC0-301F-11D3-BF4B-00C04F79EFBC}") = "LocMp.BuildingBlocks.Infrastructure", "..\BuildingBlocks\src\LocMp.BuildingBlocks.Infrastructure\LocMp.BuildingBlocks.Infrastructure.csproj", "{A98B87B4-FB1D-4195-8F5B-BAA43740B38D}"
EndProject
Project("{FAE04EC0-301F-11D3-BF4B-00C04F79EFBC}") = "LocMp.Contracts", "..\Contracts\LocMp.Contracts\LocMp.Contracts.csproj", "{4A70C04F-A43C-48F6-9D07-24D3371496B5}"
EndProject
Project("{FAE04EC0-301F-11D3-BF4B-00C04F79EFBC}") = "LocMp.Analytics.Infrastructure", "src\LocMp.Analytics.Infrastructure\LocMp.Analytics.Infrastructure.csproj", "{B6F850FC-21AE-4715-9E23-082608CF4BF1}"
EndProject
Project("{2150E333-8FDC-42A3-9474-1A3956D46DE8}") = "tests", "tests", "{0AB3BF05-4346-4AA6-1389-037BE0695223}"
EndProject
Project("{FAE04EC0-301F-11D3-BF4B-00C04F79EFBC}") = "LocMp.Analytics.Application.Tests", "tests\LocMp.Analytics.Application.Tests\LocMp.Analytics.Application.Tests.csproj", "{07E1A6C8-ADB2-4781-B84A-942BAE9A5AE5}"
EndProject
Global
	GlobalSection(SolutionConfigurationPlatforms) = preSolution
		Debug|Any CPU = Debug|Any CPU
		Debug|x64 = Debug|x64
		Debug|x86 = Debug|x86
		Release|Any CPU = Release|Any CPU
		Release|x64 = Release|x64
		Release|x86 = Release|x86
	EndGlobalSection
	GlobalSection(ProjectConfigurationPlatforms) = postSolution
		{F7802954-A077-47AB-8227-FA9384C05636}.Debug|Any CPU.ActiveCfg = Debug|Any CPU
		{F7802954-A077-47AB-8227-FA9384C05636}.Debug|Any CPU.Build.0 = Debug|Any CPU
		{F7802954-A077-47AB-8227-FA9384C05636}.Debug|x64.ActiveCfg = Debug|Any CPU
		{F7802954-A077-47AB-8227-FA9384C05636}.Debug|x64.Build.0 = Debug|Any CPU
		{F7802954-A077-47AB-8227-FA9384C05636}.Debug|x86.ActiveCfg = Debug|Any CPU
		{F7802954-A077-47AB-8227-FA9384C05636}.Debug|x86.Build.0 = Debug|Any CPU
		{F7802954-A077-47AB-8227-FA9384C05636}.Release|Any CPU.ActiveCfg = Release|Any CPU
		{F7802954-A077-47AB-8227-FA9384C05636}.Release|Any CPU.Build.0 = Release|Any CPU
		{F7802954-A077-47AB-8227-FA9384C05636}.Release|x64.ActiveCfg = Release|Any CPU
		{F7802954-A077-47AB-8227-FA9384C05636}.Release|x64.Build.0 = Release|Any CPU
		{F7802954-A077-47AB-8227-FA9384C05636}.Release|x86.ActiveCfg = Release|Any CPU
		{F7802954-A077-47AB-8227-FA9384C05636}.Release|x86.Build.0 = Release|Any CPU
		{0E212DA9-D5D9-4890-AE74-B74691858DA5}.Debug|Any CPU.ActiveCfg = Debug|Any CPU
		{0E212DA9-D5D9-4890-AE74-B74691858DA5}.Debug|Any CPU.Build.0 = Debug|Any CPU
		{0E212DA9-D5D9-4890-AE74-B74691858DA5}.Debug|x64.ActiveCfg = Debug|Any CPU
		{0E212DA9-D5D9-4890-AE74-B74691858DA5}.Debug|x64.Build.0 = Debug|Any CPU
		{0E212DA9-D5D9-4890-AE74-B74691858DA5}.Debug|x86.ActiveCfg = Debug|Any CPU
		{0E212DA9-D5D9-4890-AE74-B74691858DA5}.Debug|x86.Build.0 = Debug|Any CPU
		{0E212DA9-D5D9-4890-AE74-B74691858DA5}.Release|Any CPU.ActiveCfg = Release|Any CPU
		{0E212DA9-D5D9-4890-AE74-B74691858DA5}.Release|Any CPU.Build.0 = Release|Any CPU
		{0E212DA9-D5D9-4890-AE74-B74691858DA5}.Release|x64.ActiveCfg = Release|Any CPU
		{0E212DA9-D5D9-4890-AE74-B74691858DA5}.Release|x64.Build.0 = Release|Any CPU
		{0E212DA9-D5D9-4890-AE74-B74691858DA5}.Release|x86.ActiveCfg = Release|Any CPU
		{0E212DA9-D5D9-4890-AE74-B74691858DA5}.Release|x86.Build.0 = Release|Any CPU
		{136B1EBC-5EFD-4BF3-87E9-A17C5936C748}.Debug|Any CPU.ActiveCfg = Debug|Any CPU
		{136B1EBC-5EFD-4BF3-87E9-A17C5936C748}.Debug|Any CPU.Build.0 = Debug|Any CPU
		{136B1EBC-5EFD-4BF3-87E9-A17C5936C748}.Debug|x64.ActiveCfg = Debug|Any CPU
		{136B1EBC-5EFD-4BF3-87E9-A17C5936C748}.Debug|x64.Build.0 = Debug|Any CPU
		{136B1EBC-5EFD-4BF3-87E9-A17C5936C748}.Debug|x86.ActiveCfg = Debug|Any CPU
		{136B1EBC-5EFD-4BF3-87E9-A17C5936C748}.Debug|x86.Build.0 = Debug|Any CPU
		{136B1EBC-5EFD-4BF3-87E9-A17C5936C748}.Release|Any CPU.ActiveCfg = Release|Any CPU
		{136B1EBC-5EFD-4BF3-87E9-A17C5936C748}.Release|Any CPU.Build.0 = Release|Any CPU
		{136B1EBC-5EFD-4BF3-87E9-A17C5936C748}.Release|x64.ActiveCfg = Release|Any CPU
		{136B1EBC-5EFD-4BF3-87E9-A17C5936C748}.Release|x64.Build.0 = Release|Any CPU
		{136B1EBC-5EFD-4BF3-87E9-A17C5936C748}.Release|x86.ActiveCfg = Release|Any CPU
		{136B1EBC-5EFD-4BF3-87E9-A17C5936C748}.Release|x86.Build.0 = Release|Any CPU
		{ADDD5FC7-952E-4C5D-8487-C21344A39C53}.Debug|Any CPU.ActiveCfg = Debug|Any CPU
		{ADDD5FC7-952E-4C5D-8487-C21344A39C53}.Debug|Any CPU.Build.0 = Debug|Any CPU
		{ADDD5FC7-952E-4C5D-8487-C21344A39C53}.Debug|x64.ActiveCfg = Debug|Any CPU
		{ADDD5FC7-952E-4C5D-8487-C21344A39C53}.Debug|x64.Build.0 = Debug|Any CPU
		{ADDD5FC7-952E-4C5D-8487-C21344A39C53}.Debug|x86.ActiveCfg = Debug|Any CPU
		{ADDD5FC7-952E-4C5D-8487-C21344A39C53}.Debug|x86.Build.0 = Debug|Any CPU
		{ADDD5FC7-952E-4C5D-8487-C21344A39C53}.Release|Any CPU.ActiveCfg = Release|Any CPU
		{ADDD5FC7-952E-4C5D-8487-C21344A39C53}.Release|Any CPU.Build.0 = Release|Any CPU
		{ADDD5FC7-952E-4C5D-8487-C21344A39C53}.Release|x64.ActiveCfg = Release|Any CPU
		{ADDD5FC7-952E-4C5D-8487-C21344A39C53}.Release|x64.Build.0 = Release|Any CPU
		{ADDD5FC7-952E-4C5D-8487-C21344A39C53}.Release|x86.ActiveCfg = Release|Any CPU
		{ADDD5FC7-952E-4C5D-8487-C21344A39C53}.Release|x86.Build.0 = Release|Any CPU
		{A03E5338-292D-4288-A057-9CC58775FB06}.Debug|Any CPU.ActiveCfg = Debug|Any CPU
		{A03E5338-292D-4288-A057-9CC58775FB06}.Debug|Any CPU.Build.0 = Debug|Any CPU
		{A03E5338-292D-4288-A057-9CC58775FB06}.Debug|x64.ActiveCfg = Debug|Any CPU
		{A03E5338-292D-4288-A057-9CC58775FB06}.Debug|x64.Build.0 = Debug|Any CPU
		{A03E5338-292D-4288-A057-9CC58775FB06}.Debug|x86.ActiveCfg = Debug|Any CPU
		{A03E5338-292D-4288-A057-9CC58775FB06}.Debug|x86.Build.0 = Debug|Any CPU
		{A03E5338-292D-4288-A057-9CC58775FB06}.Release|Any CPU.ActiveCfg = Release|Any CPU
		{A03E5338-292D-4288-A057-9CC58775FB06}.Release|Any CPU.Build.0 = Release|Any CPU
		{A03E5338-292D-4288-A057-9CC58775FB06}.Release|x64.ActiveCfg = Release|Any CPU
		{A03E5338-292D-4288-A057-9CC58775FB06}.Release|x64.Build.0 = Release|Any CPU
		{A03E5338-292D-4288-A057-9CC58775FB06}.Release|x86.ActiveCfg = Release|Any CPU
		{A03E5338-292D-4288-A057-9CC58775FB06}.Release|x86.Build.0 = Release|Any CPU
		{A98B87B4-FB1D-4195-8F5B-BAA43740B38D}.Debug|Any CPU.ActiveCfg = Debug|Any CPU
		{A98B87B4-FB1D-4195-8F5B-BAA43740B38D}.Debug|Any CPU.Build.0 = Debug|Any CPU
		{A98B87B4-FB1D-4195-8F5B-BAA43740B38D}.Debug|x64.ActiveCfg = Debug|Any CPU
		{A98B87B4-FB1D-4195-8F5B-BAA43740B38D}.Debug|x64.Build.0 = Debug|Any CPU
		{A98B87B4-FB1D-4195-8F5B-BAA43740B38D}.Debug|x86.ActiveCfg = Debug|Any CPU
		{A98B87B4-FB1D-4195-8F5B-BAA43740B38D}.Debug|x86.Build.0 = Debug|Any CPU
		{A98B87B4-FB1D-4195-8F5B-BAA43740B38D}.Release|Any CPU.ActiveCfg = Release|Any CPU
		{A98B87B4-FB1D-4195-8F5B-BAA43740B38D}.Release|Any CPU.Build.0 = Release|Any CPU
		{A98B87B4-FB1D-4195-8F5B-BAA43740B38D}.Release|x64.ActiveCfg = Release|Any CPU
		{A98B87B4-FB1D-4195-8F5B-BAA43740B38D}.Release|x64.Build.0 = Release|Any CPU
		{A98B87B4-FB1D-4195-8F5B-BAA43740B38D}.Release|x86.ActiveCfg = Release|Any CPU
		{A98B87B4-FB1D-4195-8F5B-BAA43740B38D}.Release|x86.Build.0 = Release|Any CPU
		{4A70C04F-A43C-48F6-9D07-24D3371496B5}.Debug|Any CPU.ActiveCfg = Debug|Any CPU
		{4A70C04F-A43C-48F6-9D07-24D3371496B5}.Debug|Any CPU.Build.0 = Debug|Any CPU
		{4A70C04F-A43C-48F6-9D07-24D3371496B5}.Debug|x64.ActiveCfg = Debug|Any CPU
		{4A70C04F-A43C-48F6-9D07-24D3371496B5}.Debug|x64.Build.0 = Debug|Any CPU
		{4A70C04F-A43C-48F6-9D07-24D3371496B5}.Debug|x86.ActiveCfg = Debug|Any CPU
		{4A70C04F-A43C-48F6-9D07-24D3371496B5}.Debug|x86.Build.0 = Debug|Any CPU
		{4A70C04F-A43C-48F6-9D07-24D3371496B5}.Release|Any CPU.ActiveCfg = Release|Any CPU
		{4A70C04F-A43C-48F6-9D07-24D3371496B5}.Release|Any CPU.Build.0 = Release|Any CPU
		{4A70C04F-A43C-48F6-9D07-24D3371496B5}.Release|x64.ActiveCfg = Release|Any CPU
		{4A70C04F-A43C-48F6-9D07-24D3371496B5}.Release|x64.Build.0 = Release|Any CPU
		{4A70C04F-A43C-48F6-9D07-24D3371496B5}.Release|x86.ActiveCfg = Release|Any CPU
		{4A70C04F-A43C-48F6-9D07-24D3371496B5}.Release|x86.Build.0 = Release|Any CPU
		{B6F850FC-21AE-4715-9E23-082608CF4BF1}.Debug|Any CPU.ActiveCfg = Debug|Any CPU
		{B6F850FC-21AE-4715-9E23-082608CF4BF1}.Debug|Any CPU.Build.0 = Debug|Any CPU
		{B6F850FC-21AE-4715-9E23-082608CF4BF1}.Debug|x64.ActiveCfg = Debug|Any CPU
		{B6F850FC-21AE-4715-9E23-082608CF4BF1}.Debug|x64.Build.0 = Debug|Any CPU
		{B6F850FC-21AE-4715-9E23-082608CF4BF1}.Debug|x86.ActiveCfg = Debug|Any CPU
		{B6F850FC-21AE-4715-9E23-082608CF4BF1}.Debug|x86.Build.0 = Debug|Any CPU
		{B6F850FC-21AE-4715-9E23-082608CF4BF1}.Release|Any CPU.ActiveCfg = Release|Any CPU
		{B6F850FC-21AE-4715-9E23-082608CF4BF1}.Release|Any CPU.Build.0 = Release|Any CPU
		{B6F850FC-21AE-4715-9E23-082608CF4BF1}.Release|x64.ActiveCfg = Release|Any CPU
		{B6F850FC-21AE-4715-9E23-082608CF4BF1}.Release|x64.Build.0 = Release|Any CPU
		{B6F850FC-21AE-4715-9E23-082608CF4BF1}.Release|x86.ActiveCfg = Release|Any CPU
		{B6F850FC-21AE-4715-9E23-082608CF4BF1}.Release|x86.Build.0 = Release|Any CPU
		{07E1A6C8-ADB2-4781-B84A-942BAE9A5AE5}.Debug|Any CPU.ActiveCfg = Debug|Any CPU
		{07E1A6C8-ADB2-4781-B84A-942BAE9A5AE5}.Debug|Any CPU.Build.0 = Debug|Any CPU
		{07E1A6C8-ADB2-4781-B84A-942BAE9A5AE5}.Debug|x64.ActiveCfg = Debug|Any CPU
		{07E1A6C8-ADB2-4781-B84A-942BAE9A5AE5}.Debug|x64.Build.0 = Debug|Any CPU
		{07E1A6C8-ADB2-4781-B84A-942BAE9A5AE5}.Debug|x86.ActiveCfg = Debug|Any CPU
		{07E1A6C8-ADB2-4781-B84A-942BAE9A5AE5}.Debug|x86.Build.0 = Debug|Any CPU
		{07E1A6C8-ADB2-4781-B84A-942BAE9A5AE5}.Release|Any CPU.ActiveCfg = Release|Any CPU
		{07E1A6C8-ADB2-4781-B84A-942BAE9A5AE5}.Release|Any CPU.Build.0 = Release|Any CPU
		{07E1A6C8-ADB2-4781-B84A-942BAE9A5AE5}.Release|x64.ActiveCfg = Release|Any CPU
		{07E1A6C8-ADB2-4781-B84A-942BAE9A5AE5}.Release|x64.Build.0 = Release|Any CPU
		{07E1A6C8-ADB2-4781-B84A-942BAE9A5AE5}.Release|x86.ActiveCfg = Release|Any CPU
		{07E1A6C8-ADB2-4781-B84A-942BAE9A5AE5}.Release|x86.Build.0 = Release|Any CPU
	EndGlobalSection
	GlobalSection(SolutionProperties) = preSolution
		HideSolutionNode = FALSE
	EndGlobalSection
	GlobalSection(NestedProjects) = preSolution
		{F7802954-A077-47AB-8227-FA9384C05636} = {E604F5E0-4B79-4BDB-9F02-DDEFD5A530C0}
		{0E212DA9-D5D9-4890-AE74-B74691858DA5} = {E604F5E0-4B79-4BDB-9F02-DDEFD5A530C0}
		{136B1EBC-5EFD-4BF3-87E9-A17C5936C748} = {E604F5E0-4B79-4BDB-9F02-DDEFD5A530C0}
		{B6F850FC-21AE-4715-9E23-082608CF4BF1} = {E604F5E0-4B79-4BDB-9F02-DDEFD5A530C0}
		{07E1A6C8-ADB2-4781-B84A-942BAE9A5AE5} = {0AB3BF05-4346-4AA6-1389-037BE0695223}
	EndGlobalSection
EndGlobal
