
Microsoft Visual Studio Solution File, Format Version 12.00
Project("{FAE04EC0-301F-11D3-BF4B-00C04F79EFBC}") = "LocMp.Review.Api", "src\LocMp.Review.Api\LocMp.Review.Api.csproj", "{0D0FD244-518B-451A-A567-3620550DB336}"
EndProject
Project("{2150E333-8FDC-42A3-9474-1A3956D46DE8}") = "src", "src", "{62F6881B-4E60-47C8-9D99-EA10D928AEA0}"
EndProject
Project("{FAE04EC0-301F-11D3-BF4B-00C04F79EFBC}") = "LocMp.Review.Application", "src\LocMp.Review.Application\LocMp.Review.Application.csproj", "{E7A41CE8-692E-45B4-BDA2-E7CB9320B367}"
EndProject
Project("{FAE04EC0-301F-11D3-BF4B-00C04F79EFBC}") = "LocMp.Review.Domain", "src\LocMp.Review.Domain\LocMp.Review.Domain.csproj", "{27BA251F-8DAE-479B-B897-350739EB8B73}"
EndProject
Project("{FAE04EC0-301F-11D3-BF4B-00C04F79EFBC}") = "LocMp.Review.Infrastructure", "src\LocMp.Review.Infrastructure\LocMp.Review.Infrastructure.csproj", "{846F69E9-18DC-4844-A068-2BD8DB4FD5E8}"
EndProject
Global
	GlobalSection(SolutionConfigurationPlatforms) = preSolution
		Debug|Any CPU = Debug|Any CPU
		Release|Any CPU = Release|Any CPU
	EndGlobalSection
	GlobalSection(ProjectConfigurationPlatforms) = postSolution
		{0D0FD244-518B-451A-A567-3620550DB336}.Debug|Any CPU.ActiveCfg = Debug|Any CPU
		{0D0FD244-518B-451A-A567-3620550DB336}.Debug|Any CPU.Build.0 = Debug|Any CPU
		{0D0FD244-518B-451A-A567-3620550DB336}.Release|Any CPU.ActiveCfg = Release|Any CPU
		{0D0FD244-518B-451A-A567-3620550DB336}.Release|Any CPU.Build.0 = Release|Any CPU
		{E7A41CE8-692E-45B4-BDA2-E7CB9320B367}.Debug|Any CPU.ActiveCfg = Debug|Any CPU
		{E7A41CE8-692E-45B4-BDA2-E7CB9320B367}.Debug|Any CPU.Build.0 = Debug|Any CPU
		{E7A41CE8-692E-45B4-BDA2-E7CB9320B367}.Release|Any CPU.ActiveCfg = Release|Any CPU
		{E7A41CE8-692E-45B4-BDA2-E7CB9320B367}.Release|Any CPU.Build.0 = Release|Any CPU
		{27BA251F-8DAE-479B-B897-350739EB8B73}.Debug|Any CPU.ActiveCfg = Debug|Any CPU
		{27BA251F-8DAE-479B-B897-350739EB8B73}.Debug|Any CPU.Build.0 = Debug|Any CPU
		{27BA251F-8DAE-479B-B897-350739EB8B73}.Release|Any CPU.ActiveCfg = Release|Any CPU
		{27BA251F-8DAE-479B-B897-350739EB8B73}.Release|Any CPU.Build.0 = Release|Any CPU
		{846F69E9-18DC-4844-A068-2BD8DB4FD5E8}.Debug|Any CPU.ActiveCfg = Debug|Any CPU
		{846F69E9-18DC-4844-A068-2BD8DB4FD5E8}.Debug|Any CPU.Build.0 = Debug|Any CPU
		{846F69E9-18DC-4844-A068-2BD8DB4FD5E8}.Release|Any CPU.ActiveCfg = Release|Any CPU
		{846F69E9-18DC-4844-A068-2BD8DB4FD5E8}.Release|Any CPU.Build.0 = Release|Any CPU
	EndGlobalSection
	GlobalSection(NestedProjects) = preSolution
		{0D0FD244-518B-451A-A567-3620550DB336} = {62F6881B-4E60-47C8-9D99-EA10D928AEA0}
		{E7A41CE8-692E-45B4-BDA2-E7CB9320B367} = {62F6881B-4E60-47C8-9D99-EA10D928AEA0}
		{27BA251F-8DAE-479B-B897-350739EB8B73} = {62F6881B-4E60-47C8-9D99-EA10D928AEA0}
		{846F69E9-18DC-4844-A068-2BD8DB4FD5E8} = {62F6881B-4E60-47C8-9D99-EA10D928AEA0}
	EndGlobalSection
EndGlobal
